
Microsoft Visual Studio Solution File, Format Version 12.00
# Visual Studio 15
VisualStudioVersion = 15.0.26124.0
MinimumVisualStudioVersion = 15.0.26124.0
Project("{FAE04EC0-301F-11D3-BF4B-00C04F79EFBC}") = "Core", "Core\Core.csproj", "{E92EEBD5-1AEF-45CC-A6FB-B7069DE98A94}"
EndProject
Project("{2150E333-8FDC-42A3-9474-1A3956D46DE8}") = "Services", "Services", "{443E215F-6874-4707-BC8C-272E8270F77E}"
EndProject
Project("{FAE04EC0-301F-11D3-BF4B-00C04F79EFBC}") = "Kms", "Services\Kms\Kms.csproj", "{ECB1152B-9F28-414F-B3E8-B596E421779B}"
EndProject
Global
	GlobalSection(SolutionConfigurationPlatforms) = preSolution
		Debug|Any CPU = Debug|Any CPU
		Debug|x64 = Debug|x64
		Debug|x86 = Debug|x86
		Release|Any CPU = Release|Any CPU
		Release|x64 = Release|x64
		Release|x86 = Release|x86
	EndGlobalSection
	GlobalSection(SolutionProperties) = preSolution
		HideSolutionNode = FALSE
	EndGlobalSection
	GlobalSection(ProjectConfigurationPlatforms) = postSolution
		{E92EEBD5-1AEF-45CC-A6FB-B7069DE98A94}.Debug|Any CPU.ActiveCfg = Debug|Any CPU
		{E92EEBD5-1AEF-45CC-A6FB-B7069DE98A94}.Debug|Any CPU.Build.0 = Debug|Any CPU
		{E92EEBD5-1AEF-45CC-A6FB-B7069DE98A94}.Debug|x64.ActiveCfg = Debug|Any CPU
		{E92EEBD5-1AEF-45CC-A6FB-B7069DE98A94}.Debug|x64.Build.0 = Debug|Any CPU
		{E92EEBD5-1AEF-45CC-A6FB-B7069DE98A94}.Debug|x86.ActiveCfg = Debug|Any CPU
		{E92EEBD5-1AEF-45CC-A6FB-B7069DE98A94}.Debug|x86.Build.0 = Debug|Any CPU
		{E92EEBD5-1AEF-45CC-A6FB-B7069DE98A94}.Release|Any CPU.ActiveCfg = Release|Any CPU
		{E92EEBD5-1AEF-45CC-A6FB-B7069DE98A94}.Release|Any CPU.Build.0 = Release|Any CPU
		{E92EEBD5-1AEF-45CC-A6FB-B7069DE98A94}.Release|x64.ActiveCfg = Release|Any CPU
		{E92EEBD5-1AEF-45CC-A6FB-B7069DE98A94}.Release|x64.Build.0 = Release|Any CPU
		{E92EEBD5-1AEF-45CC-A6FB-B7069DE98A94}.Release|x86.ActiveCfg = Release|Any CPU
		{E92EEBD5-1AEF-45CC-A6FB-B7069DE98A94}.Release|x86.Build.0 = Release|Any CPU
		{ECB1152B-9F28-414F-B3E8-B596E421779B}.Debug|Any CPU.ActiveCfg = Debug|Any CPU
		{ECB1152B-9F28-414F-B3E8-B596E421779B}.Debug|Any CPU.Build.0 = Debug|Any CPU
		{ECB1152B-9F28-414F-B3E8-B596E421779B}.Debug|x64.ActiveCfg = Debug|Any CPU
		{ECB1152B-9F28-414F-B3E8-B596E421779B}.Debug|x64.Build.0 = Debug|Any CPU
		{ECB1152B-9F28-414F-B3E8-B596E421779B}.Debug|x86.ActiveCfg = Debug|Any CPU
		{ECB1152B-9F28-414F-B3E8-B596E421779B}.Debug|x86.Build.0 = Debug|Any CPU
		{ECB1152B-9F28-414F-B3E8-B596E421779B}.Release|Any CPU.ActiveCfg = Release|Any CPU
		{ECB1152B-9F28-414F-B3E8-B596E421779B}.Release|Any CPU.Build.0 = Release|Any CPU
		{ECB1152B-9F28-414F-B3E8-B596E421779B}.Release|x64.ActiveCfg = Release|Any CPU
		{ECB1152B-9F28-414F-B3E8-B596E421779B}.Release|x64.Build.0 = Release|Any CPU
		{ECB1152B-9F28-414F-B3E8-B596E421779B}.Release|x86.ActiveCfg = Release|Any CPU
		{ECB1152B-9F28-414F-B3E8-B596E421779B}.Release|x86.Build.0 = Release|Any CPU
	EndGlobalSection
	GlobalSection(NestedProjects) = preSolution
		{ECB1152B-9F28-414F-B3E8-B596E421779B} = {443E215F-6874-4707-BC8C-272E8270F77E}
	EndGlobalSection
EndGlobal
